{
  "name": "user.workflow.B8D5BC7A-39BF-4408-BC38-A2F3B3F7B8B0",
  "version": "1.0.0",
  "lockfileVersion": 2,
  "requires": true,
  "packages": {
    "": {
      "version": "1.0.0",
      "license": "ISC",
      "dependencies": {
        "run-node": "^2.0.0"
      }
    },
    "node_modules/run-node": {
      "version": "2.0.0",
      "resolved": "https://registry.npmjs.org/run-node/-/run-node-2.0.0.tgz",
      "integrity": "sha512-M024oSKOfXRbBZ4dzWeS4mZfLlkVrLbR+02lSno344whh60hFN7qjWnf3QXm/JePD9CR7W4gRe9tt4H/2PGkcw==",
      "bin": {
        "run-node": "run-node"
      },
      "engines": {
        "node": ">=10"
      },
      "funding": {
        "url": "https://github.com/sponsors/sindresorhus"
      }
    }
  },
  "dependencies": {
    "run-node": {
      "version": "2.0.0",
      "resolved": "https://registry.npmjs.org/run-node/-/run-node-2.0.0.tgz",
      "integrity": "sha512-M024oSKOfXRbBZ4dzWeS4mZfLlkVrLbR+02lSno344whh60hFN7qjWnf3QXm/JePD9CR7W4gRe9tt4H/2PGkcw=="
    }
  }
}
